
Microsoft Visual Studio Solution File, Format Version 12.00
# Visual Studio Version 17
VisualStudioVersion = 17.4.33205.214
MinimumVisualStudioVersion = 10.0.40219.1
Project("{9A19103F-16F7-4668-BE54-9A1E7A4F7556}") = "DroneEngine", "DroneEngine\DroneEngine.csproj", "{0FE48C11-4C1C-4177-A5DB-6ABF9BAC4B63}"
EndProject
Project("{FAE04EC0-301F-11D3-BF4B-00C04F79EFBC}") = "DroneEngine.IO", "DroneEngine.IO\DroneEngine.IO.csproj", "{4FD8788E-FAFA-4A75-AA13-DA898504C77A}"
EndProject
Global
	GlobalSection(SolutionConfigurationPlatforms) = preSolution
		Debug|Any CPU = Debug|Any CPU
		Release|Any CPU = Release|Any CPU
	EndGlobalSection
	GlobalSection(ProjectConfigurationPlatforms) = postSolution
		{0FE48C11-4C1C-4177-A5DB-6ABF9BAC4B63}.Debug|Any CPU.ActiveCfg = Debug|Any CPU
		{0FE48C11-4C1C-4177-A5DB-6ABF9BAC4B63}.Debug|Any CPU.Build.0 = Debug|Any CPU
		{0FE48C11-4C1C-4177-A5DB-6ABF9BAC4B63}.Release|Any CPU.ActiveCfg = Release|Any CPU
		{0FE48C11-4C1C-4177-A5DB-6ABF9BAC4B63}.Release|Any CPU.Build.0 = Release|Any CPU
		{4FD8788E-FAFA-4A75-AA13-DA898504C77A}.Debug|Any CPU.ActiveCfg = Debug|Any CPU
		{4FD8788E-FAFA-4A75-AA13-DA898504C77A}.Debug|Any CPU.Build.0 = Debug|Any CPU
		{4FD8788E-FAFA-4A75-AA13-DA898504C77A}.Release|Any CPU.ActiveCfg = Release|Any CPU
		{4FD8788E-FAFA-4A75-AA13-DA898504C77A}.Release|Any CPU.Build.0 = Release|Any CPU
	EndGlobalSection
	GlobalSection(SolutionProperties) = preSolution
		HideSolutionNode = FALSE
	EndGlobalSection
	GlobalSection(ExtensibilityGlobals) = postSolution
		SolutionGuid = {B9784233-04C8-4F12-B023-D50ADD459A20}
	EndGlobalSection
EndGlobal
