
Microsoft Visual Studio Solution File, Format Version 12.00
# Visual Studio Version 17
VisualStudioVersion = 17.4.33205.214
MinimumVisualStudioVersion = 10.0.40219.1
Project("{FAE04EC0-301F-11D3-BF4B-00C04F79EFBC}") = "Anodize", "Anodize\Anodize.csproj", "{1CF07836-C325-4DC5-B4C2-3D9171C8242B}"
EndProject
Project("{9A19103F-16F7-4668-BE54-9A1E7A4F7556}") = "DroneEngine", "..\DroneEngine\DroneEngine\DroneEngine.csproj", "{4208F3FC-4056-4C3C-AE70-F17E553E7543}"
EndProject
Global
	GlobalSection(SolutionConfigurationPlatforms) = preSolution
		Debug|Any CPU = Debug|Any CPU
		Release|Any CPU = Release|Any CPU
	EndGlobalSection
	GlobalSection(ProjectConfigurationPlatforms) = postSolution
		{1CF07836-C325-4DC5-B4C2-3D9171C8242B}.Debug|Any CPU.ActiveCfg = Debug|Any CPU
		{1CF07836-C325-4DC5-B4C2-3D9171C8242B}.Debug|Any CPU.Build.0 = Debug|Any CPU
		{1CF07836-C325-4DC5-B4C2-3D9171C8242B}.Release|Any CPU.ActiveCfg = Release|Any CPU
		{1CF07836-C325-4DC5-B4C2-3D9171C8242B}.Release|Any CPU.Build.0 = Release|Any CPU
		{4208F3FC-4056-4C3C-AE70-F17E553E7543}.Debug|Any CPU.ActiveCfg = Debug|Any CPU
		{4208F3FC-4056-4C3C-AE70-F17E553E7543}.Debug|Any CPU.Build.0 = Debug|Any CPU
		{4208F3FC-4056-4C3C-AE70-F17E553E7543}.Release|Any CPU.ActiveCfg = Release|Any CPU
		{4208F3FC-4056-4C3C-AE70-F17E553E7543}.Release|Any CPU.Build.0 = Release|Any CPU
	EndGlobalSection
	GlobalSection(SolutionProperties) = preSolution
		HideSolutionNode = FALSE
	EndGlobalSection
	GlobalSection(ExtensibilityGlobals) = postSolution
		SolutionGuid = {08FBD26E-216D-4956-A1E1-68F98C686327}
	EndGlobalSection
EndGlobal
